
Microsoft Visual Studio Solution File, Format Version 12.00
# Visual Studio Version 16
VisualStudioVersion = 16.0.31702.278
MinimumVisualStudioVersion = 10.0.40219.1
Project("{FAE04EC0-301F-11D3-BF4B-00C04F79EFBC}") = "NonogramSolver", "NonogramSolver\NonogramSolver.csproj", "{51EFD2B9-37F6-4F77-8A5D-D37D9AFDBAF4}"
EndProject
Project("{FAE04EC0-301F-11D3-BF4B-00C04F79EFBC}") = "NonogramSolver.UnitTests", "NonogramSolver.UnitTests\NonogramSolver.UnitTests.csproj", "{2EDB1CFA-F515-4CA8-83F0-607DC3471F74}"
EndProject
Global
	GlobalSection(SolutionConfigurationPlatforms) = preSolution
		Debug|Any CPU = Debug|Any CPU
		Release|Any CPU = Release|Any CPU
	EndGlobalSection
	GlobalSection(ProjectConfigurationPlatforms) = postSolution
		{51EFD2B9-37F6-4F77-8A5D-D37D9AFDBAF4}.Debug|Any CPU.ActiveCfg = Debug|Any CPU
		{51EFD2B9-37F6-4F77-8A5D-D37D9AFDBAF4}.Debug|Any CPU.Build.0 = Debug|Any CPU
		{51EFD2B9-37F6-4F77-8A5D-D37D9AFDBAF4}.Release|Any CPU.ActiveCfg = Release|Any CPU
		{51EFD2B9-37F6-4F77-8A5D-D37D9AFDBAF4}.Release|Any CPU.Build.0 = Release|Any CPU
		{2EDB1CFA-F515-4CA8-83F0-607DC3471F74}.Debug|Any CPU.ActiveCfg = Debug|Any CPU
		{2EDB1CFA-F515-4CA8-83F0-607DC3471F74}.Debug|Any CPU.Build.0 = Debug|Any CPU
		{2EDB1CFA-F515-4CA8-83F0-607DC3471F74}.Release|Any CPU.ActiveCfg = Release|Any CPU
		{2EDB1CFA-F515-4CA8-83F0-607DC3471F74}.Release|Any CPU.Build.0 = Release|Any CPU
	EndGlobalSection
	GlobalSection(SolutionProperties) = preSolution
		HideSolutionNode = FALSE
	EndGlobalSection
	GlobalSection(ExtensibilityGlobals) = postSolution
		SolutionGuid = {9D32F98D-4530-4166-AE15-87D821FC77DB}
	EndGlobalSection
EndGlobal
